
Microsoft Visual Studio Solution File, Format Version 12.00
# Visual Studio Version 17
VisualStudioVersion = 17.11.35222.181
MinimumVisualStudioVersion = 10.0.40219.1
Project("{FAE04EC0-301F-11D3-BF4B-00C04F79EFBC}") = "Assignment 3 Cards", "Assignment 3 Cards\Assignment 3 Cards.csproj", "{6041A78B-E81A-47C9-B623-9FB61A5F2D6C}"
EndProject
Global
	GlobalSection(SolutionConfigurationPlatforms) = preSolution
		Debug|Any CPU = Debug|Any CPU
		Release|Any CPU = Release|Any CPU
	EndGlobalSection
	GlobalSection(ProjectConfigurationPlatforms) = postSolution
		{6041A78B-E81A-47C9-B623-9FB61A5F2D6C}.Debug|Any CPU.ActiveCfg = Debug|Any CPU
		{6041A78B-E81A-47C9-B623-9FB61A5F2D6C}.Debug|Any CPU.Build.0 = Debug|Any CPU
		{6041A78B-E81A-47C9-B623-9FB61A5F2D6C}.Release|Any CPU.ActiveCfg = Release|Any CPU
		{6041A78B-E81A-47C9-B623-9FB61A5F2D6C}.Release|Any CPU.Build.0 = Release|Any CPU
	EndGlobalSection
	GlobalSection(SolutionProperties) = preSolution
		HideSolutionNode = FALSE
	EndGlobalSection
	GlobalSection(ExtensibilityGlobals) = postSolution
		SolutionGuid = {F196DF8B-73F5-4890-85F6-4079F2FEC63E}
	EndGlobalSection
EndGlobal
